
Microsoft Visual Studio Solution File, Format Version 12.00
# Visual Studio Version 17
VisualStudioVersion = 17.4.33213.308
MinimumVisualStudioVersion = 10.0.40219.1
Project("{FAE04EC0-301F-11D3-BF4B-00C04F79EFBC}") = "ConsoleApp", "ConsoleApp\ConsoleApp.csproj", "{C5B6720B-6CEB-407F-97D9-4C895E7169B2}"
EndProject
Project("{FAE04EC0-301F-11D3-BF4B-00C04F79EFBC}") = "UnitMSTest", "UnitMSTest\UnitMSTest.csproj", "{939B0DFF-8F04-4109-9B25-44C9799824A5}"
EndProject
Global
	GlobalSection(SolutionConfigurationPlatforms) = preSolution
		Debug|Any CPU = Debug|Any CPU
		Release|Any CPU = Release|Any CPU
	EndGlobalSection
	GlobalSection(ProjectConfigurationPlatforms) = postSolution
		{C5B6720B-6CEB-407F-97D9-4C895E7169B2}.Debug|Any CPU.ActiveCfg = Debug|Any CPU
		{C5B6720B-6CEB-407F-97D9-4C895E7169B2}.Debug|Any CPU.Build.0 = Debug|Any CPU
		{C5B6720B-6CEB-407F-97D9-4C895E7169B2}.Release|Any CPU.ActiveCfg = Release|Any CPU
		{C5B6720B-6CEB-407F-97D9-4C895E7169B2}.Release|Any CPU.Build.0 = Release|Any CPU
		{939B0DFF-8F04-4109-9B25-44C9799824A5}.Debug|Any CPU.ActiveCfg = Debug|Any CPU
		{939B0DFF-8F04-4109-9B25-44C9799824A5}.Debug|Any CPU.Build.0 = Debug|Any CPU
		{939B0DFF-8F04-4109-9B25-44C9799824A5}.Release|Any CPU.ActiveCfg = Release|Any CPU
		{939B0DFF-8F04-4109-9B25-44C9799824A5}.Release|Any CPU.Build.0 = Release|Any CPU
	EndGlobalSection
	GlobalSection(SolutionProperties) = preSolution
		HideSolutionNode = FALSE
	EndGlobalSection
	GlobalSection(ExtensibilityGlobals) = postSolution
		SolutionGuid = {1FCA7F73-5707-4703-B479-873433BF90A9}
	EndGlobalSection
EndGlobal
